
Microsoft Visual Studio Solution File, Format Version 12.00
# Visual Studio Version 17
VisualStudioVersion = 17.1.32421.90
MinimumVisualStudioVersion = 10.0.40219.1
Project("{FAE04EC0-301F-11D3-BF4B-00C04F79EFBC}") = "Marketplace", "Marketplace\Marketplace.csproj", "{98FFC00B-7A06-4B1D-B7D9-B6D05072BEC1}"
EndProject
Project("{FAE04EC0-301F-11D3-BF4B-00C04F79EFBC}") = "Marketplace.Domain", "Marketplace.Domain\Marketplace.Domain.csproj", "{820F8351-C52B-48A5-B5EE-DBE7620652EF}"
EndProject
Project("{FAE04EC0-301F-11D3-BF4B-00C04F79EFBC}") = "Marketplace.Framework", "Marketplace.Framework\Marketplace.Framework.csproj", "{094B0038-4C96-4AB7-BAED-DCE319F43FFE}"
EndProject
Global
	GlobalSection(SolutionConfigurationPlatforms) = preSolution
		Debug|Any CPU = Debug|Any CPU
		Release|Any CPU = Release|Any CPU
	EndGlobalSection
	GlobalSection(ProjectConfigurationPlatforms) = postSolution
		{98FFC00B-7A06-4B1D-B7D9-B6D05072BEC1}.Debug|Any CPU.ActiveCfg = Debug|Any CPU
		{98FFC00B-7A06-4B1D-B7D9-B6D05072BEC1}.Debug|Any CPU.Build.0 = Debug|Any CPU
		{98FFC00B-7A06-4B1D-B7D9-B6D05072BEC1}.Release|Any CPU.ActiveCfg = Release|Any CPU
		{98FFC00B-7A06-4B1D-B7D9-B6D05072BEC1}.Release|Any CPU.Build.0 = Release|Any CPU
		{820F8351-C52B-48A5-B5EE-DBE7620652EF}.Debug|Any CPU.ActiveCfg = Debug|Any CPU
		{820F8351-C52B-48A5-B5EE-DBE7620652EF}.Debug|Any CPU.Build.0 = Debug|Any CPU
		{820F8351-C52B-48A5-B5EE-DBE7620652EF}.Release|Any CPU.ActiveCfg = Release|Any CPU
		{820F8351-C52B-48A5-B5EE-DBE7620652EF}.Release|Any CPU.Build.0 = Release|Any CPU
		{094B0038-4C96-4AB7-BAED-DCE319F43FFE}.Debug|Any CPU.ActiveCfg = Debug|Any CPU
		{094B0038-4C96-4AB7-BAED-DCE319F43FFE}.Debug|Any CPU.Build.0 = Debug|Any CPU
		{094B0038-4C96-4AB7-BAED-DCE319F43FFE}.Release|Any CPU.ActiveCfg = Release|Any CPU
		{094B0038-4C96-4AB7-BAED-DCE319F43FFE}.Release|Any CPU.Build.0 = Release|Any CPU
	EndGlobalSection
	GlobalSection(SolutionProperties) = preSolution
		HideSolutionNode = FALSE
	EndGlobalSection
	GlobalSection(ExtensibilityGlobals) = postSolution
		SolutionGuid = {99481907-CF29-41BF-89B9-73310320C8A5}
	EndGlobalSection
EndGlobal
